{
    "_readme": [
        "This file locks the dependencies of your project to a known state",
        "Read more about it at http://getcomposer.org/doc/01-basic-usage.md#composer-lock-the-lock-file",
        "This file is @generated automatically"
    ],
    "hash": "a501846ebeba38f76302ad835ba3e498",
    "packages": [
        {
            "name": "nette/caching",
            "version": "v2.3.2",
            "source": {
                "type": "git",
                "url": "https://github.com/nette/caching.git",
                "reference": "74fa3db6bebc73afdd49d964b37621e35e1a97ff"
            },
            "dist": {
                "type": "zip",
                "url": "https://api.github.com/repos/nette/caching/zipball/74fa3db6bebc73afdd49d964b37621e35e1a97ff",
                "reference": "74fa3db6bebc73afdd49d964b37621e35e1a97ff",
                "shasum": ""
            },
            "require": {
                "nette/finder": "~2.2",
                "nette/utils": "~2.2",
                "php": ">=5.3.1"
            },
            "conflict": {
                "nette/nette": "<2.2"
            },
            "require-dev": {
                "latte/latte": "~2.3",
                "nette/di": "~2.3",
                "nette/tester": "~1.0"
            },
            "type": "library",
            "extra": {
                "branch-alias": {
                    "dev-master": "2.3-dev"
                }
            },
            "autoload": {
                "classmap": [
                    "src/"
                ]
            },
            "notification-url": "https://packagist.org/downloads/",
            "license": [
                "BSD-3-Clause",
                "GPL-2.0",
                "GPL-3.0"
            ],
            "authors": [
                {
                    "name": "David Grudl",
                    "homepage": "http://davidgrudl.com"
                },
                {
                    "name": "Nette Community",
                    "homepage": "http://nette.org/contributors"
                }
            ],
            "description": "Nette Caching Component",
            "homepage": "http://nette.org",
            "time": "2015-05-03 12:51:14"
        },
        {
            "name": "nette/finder",
            "version": "v2.3.0",
            "source": {
                "type": "git",
                "url": "https://github.com/nette/finder.git",
                "reference": "0eba793c90e236714b6f76474590d14d6bfe733a"
            },
            "dist": {
                "type": "zip",
                "url": "https://api.github.com/repos/nette/finder/zipball/0eba793c90e236714b6f76474590d14d6bfe733a",
                "reference": "0eba793c90e236714b6f76474590d14d6bfe733a",
                "shasum": ""
            },
            "require": {
                "nette/utils": "~2.2",
                "php": ">=5.3.1"
            },
            "conflict": {
                "nette/nette": "<2.2"
            },
            "require-dev": {
                "nette/tester": "~1.0"
            },
            "type": "library",
            "extra": {
                "branch-alias": {
                    "dev-master": "2.3-dev"
                }
            },
            "autoload": {
                "classmap": [
                    "src/"
                ]
            },
            "notification-url": "https://packagist.org/downloads/",
            "license": [
                "BSD-3-Clause",
                "GPL-2.0",
                "GPL-3.0"
            ],
            "authors": [
                {
                    "name": "David Grudl",
                    "homepage": "http://davidgrudl.com"
                },
                {
                    "name": "Nette Community",
                    "homepage": "http://nette.org/contributors"
                }
            ],
            "description": "Nette Finder: Files Searching",
            "homepage": "http://nette.org",
            "time": "2015-02-17 20:36:43"
        },
        {
            "name": "nette/tester",
            "version": "v1.4.0",
            "source": {
                "type": "git",
                "url": "https://github.com/nette/tester.git",
                "reference": "0e9059c051fd685d76e675efb577840b0bb6a288"
            },
            "dist": {
                "type": "zip",
                "url": "https://api.github.com/repos/nette/tester/zipball/0e9059c051fd685d76e675efb577840b0bb6a288",
                "reference": "0e9059c051fd685d76e675efb577840b0bb6a288",
                "shasum": ""
            },
            "require": {
                "php": ">=5.3.0"
            },
            "bin": [
                "src/tester"
            ],
            "type": "library",
            "extra": {
                "branch-alias": {
                    "dev-master": "1.4-dev"
                }
            },
            "autoload": {
                "classmap": [
                    "src/"
                ]
            },
            "notification-url": "https://packagist.org/downloads/",
            "license": [
                "BSD-3-Clause",
                "GPL-2.0",
                "GPL-3.0"
            ],
            "authors": [
                {
                    "name": "David Grudl",
                    "homepage": "http://davidgrudl.com"
                },
                {
                    "name": "Nette Community",
                    "homepage": "http://nette.org/contributors"
                }
            ],
            "description": "An easy-to-use PHP unit testing framework.",
            "homepage": "http://nette.org",
            "keywords": [
                "nette",
                "testing",
                "unit"
            ],
            "time": "2015-03-27 14:19:31"
        },
        {
            "name": "nette/utils",
            "version": "v2.3.1",
            "source": {
                "type": "git",
                "url": "https://github.com/nette/utils.git",
                "reference": "cda96ff718e7bad5e949527dbfa1d6d0498181d9"
            },
            "dist": {
                "type": "zip",
                "url": "https://api.github.com/repos/nette/utils/zipball/cda96ff718e7bad5e949527dbfa1d6d0498181d9",
                "reference": "cda96ff718e7bad5e949527dbfa1d6d0498181d9",
                "shasum": ""
            },
            "require": {
                "php": ">=5.3.1"
            },
            "conflict": {
                "nette/nette": "<2.2"
            },
            "require-dev": {
                "nette/tester": "~1.0"
            },
            "suggest": {
                "ext-gd": "to use Image",
                "ext-iconv": "to use Strings::webalize() and toAscii()",
                "ext-intl": "for script transliteration in Strings::webalize() and toAscii()",
                "ext-mbstring": "to use Strings::lower() etc..."
            },
            "type": "library",
            "extra": {
                "branch-alias": {
                    "dev-master": "2.3-dev"
                }
            },
            "autoload": {
                "classmap": [
                    "src/"
                ]
            },
            "notification-url": "https://packagist.org/downloads/",
            "license": [
                "BSD-3-Clause",
                "GPL-2.0",
                "GPL-3.0"
            ],
            "authors": [
                {
                    "name": "David Grudl",
                    "homepage": "http://davidgrudl.com"
                },
                {
                    "name": "Nette Community",
                    "homepage": "http://nette.org/contributors"
                }
            ],
            "description": "Nette Utility Classes",
            "homepage": "http://nette.org",
            "time": "2015-03-17 21:49:28"
        },
        {
            "name": "ondrakoupil/tools",
            "version": "v0.0.1",
            "source": {
                "type": "git",
                "url": "https://github.com/ondrakoupil/tools.git",
                "reference": "eb979bc11877e18af64fdeb291c3db6ded3deb3d"
            },
            "dist": {
                "type": "zip",
                "url": "https://api.github.com/repos/ondrakoupil/tools/zipball/eb979bc11877e18af64fdeb291c3db6ded3deb3d",
                "reference": "eb979bc11877e18af64fdeb291c3db6ded3deb3d",
                "shasum": ""
            },
            "require-dev": {
                "nette/tester": "^1.4@dev",
                "ondrakoupil/testing-utils": "dev-master"
            },
            "type": "library",
            "autoload": {
                "psr-4": {
                    "OndraKoupil\\Tools\\": "src/"
                }
            },
            "license": [
                "MIT"
            ],
            "authors": [
                {
                    "name": "Ondřej Koupil",
                    "email": "koupil@optimato.cz"
                }
            ],
            "description": "Just a bunch of tools for myself",
            "support": {
                "source": "https://github.com/ondrakoupil/tools/tree/v0.0.1",
                "issues": "https://github.com/ondrakoupil/tools/issues"
            },
            "time": "2015-05-22 09:04:53"
        }
    ],
    "packages-dev": [],
    "aliases": [],
    "minimum-stability": "stable",
    "stability-flags": [],
    "prefer-stable": false,
    "prefer-lowest": false,
    "platform": [],
    "platform-dev": []
}
