{
    "_readme": [
        "This file locks the dependencies of your project to a known state",
        "Read more about it at http://getcomposer.org/doc/01-basic-usage.md#composer-lock-the-lock-file",
        "This file is @generated automatically"
    ],
    "hash": "22a3147bcade4adb5cc8af3f4a668623",
    "packages": [
        {
            "name": "nette/tester",
            "version": "v1.4.0",
            "source": {
                "type": "git",
                "url": "https://github.com/nette/tester.git",
                "reference": "0e9059c051fd685d76e675efb577840b0bb6a288"
            },
            "dist": {
                "type": "zip",
                "url": "https://api.github.com/repos/nette/tester/zipball/0e9059c051fd685d76e675efb577840b0bb6a288",
                "reference": "0e9059c051fd685d76e675efb577840b0bb6a288",
                "shasum": ""
            },
            "require": {
                "php": ">=5.3.0"
            },
            "bin": [
                "src/tester"
            ],
            "type": "library",
            "extra": {
                "branch-alias": {
                    "dev-master": "1.4-dev"
                }
            },
            "autoload": {
                "classmap": [
                    "src/"
                ]
            },
            "notification-url": "https://packagist.org/downloads/",
            "license": [
                "BSD-3-Clause",
                "GPL-2.0",
                "GPL-3.0"
            ],
            "authors": [
                {
                    "name": "David Grudl",
                    "homepage": "http://davidgrudl.com"
                },
                {
                    "name": "Nette Community",
                    "homepage": "http://nette.org/contributors"
                }
            ],
            "description": "An easy-to-use PHP unit testing framework.",
            "homepage": "http://nette.org",
            "keywords": [
                "nette",
                "testing",
                "unit"
            ],
            "time": "2015-03-27 14:19:31"
        },
        {
            "name": "ondrakoupil/tools",
            "version": "v0.0.2",
            "source": {
                "type": "git",
                "url": "https://github.com/ondrakoupil/tools.git",
                "reference": "d0f7ad54b333e3cdfad0088052ae80d470db5494"
            },
            "dist": {
                "type": "zip",
                "url": "https://api.github.com/repos/ondrakoupil/tools/zipball/d0f7ad54b333e3cdfad0088052ae80d470db5494",
                "reference": "d0f7ad54b333e3cdfad0088052ae80d470db5494",
                "shasum": ""
            },
            "require-dev": {
                "nette/tester": "^1.4@dev",
                "ondrakoupil/testing-utils": "dev-master"
            },
            "type": "library",
            "autoload": {
                "psr-4": {
                    "OndraKoupil\\Tools\\": "src/"
                }
            },
            "license": [
                "MIT"
            ],
            "authors": [
                {
                    "name": "Ondřej Koupil",
                    "email": "koupil@optimato.cz"
                }
            ],
            "description": "Just a bunch of tools for myself",
            "support": {
                "source": "https://github.com/ondrakoupil/tools/tree/master",
                "issues": "https://github.com/ondrakoupil/tools/issues"
            },
            "time": "2015-05-29 06:59:31"
        }
    ],
    "packages-dev": [],
    "aliases": [],
    "minimum-stability": "stable",
    "stability-flags": [],
    "prefer-stable": false,
    "prefer-lowest": false,
    "platform": [],
    "platform-dev": []
}
